
Microsoft Visual Studio Solution File, Format Version 12.00
# Visual Studio Version 17
VisualStudioVersion = 17.8.34408.163
MinimumVisualStudioVersion = 10.0.40219.1
Project("{FAE04EC0-301F-11D3-BF4B-00C04F79EFBC}") = "modul4_1302223062", "modul4_1302223062\modul4_1302223062.csproj", "{545FD286-0817-45AF-8207-415664DA8096}"
EndProject
Global
	GlobalSection(SolutionConfigurationPlatforms) = preSolution
		Debug|Any CPU = Debug|Any CPU
		Release|Any CPU = Release|Any CPU
	EndGlobalSection
	GlobalSection(ProjectConfigurationPlatforms) = postSolution
		{545FD286-0817-45AF-8207-415664DA8096}.Debug|Any CPU.ActiveCfg = Debug|Any CPU
		{545FD286-0817-45AF-8207-415664DA8096}.Debug|Any CPU.Build.0 = Debug|Any CPU
		{545FD286-0817-45AF-8207-415664DA8096}.Release|Any CPU.ActiveCfg = Release|Any CPU
		{545FD286-0817-45AF-8207-415664DA8096}.Release|Any CPU.Build.0 = Release|Any CPU
	EndGlobalSection
	GlobalSection(SolutionProperties) = preSolution
		HideSolutionNode = FALSE
	EndGlobalSection
	GlobalSection(ExtensibilityGlobals) = postSolution
		SolutionGuid = {BF155D28-A43D-4BC2-B890-9F39748D597B}
	EndGlobalSection
EndGlobal
